
Microsoft Visual Studio Solution File, Format Version 12.00
# Visual Studio Version 17
VisualStudioVersion = 17.14.36915.13 d17.14
MinimumVisualStudioVersion = 10.0.40219.1
Project("{FAE04EC0-301F-11D3-BF4B-00C04F79EFBC}") = "Day9_0_json操作", "Day9_0_json操作\Day9_0_json操作.csproj", "{4B885CB0-366C-42AB-99BF-3A6754F64A95}"
EndProject
Global
	GlobalSection(SolutionConfigurationPlatforms) = preSolution
		Debug|Any CPU = Debug|Any CPU
		Release|Any CPU = Release|Any CPU
	EndGlobalSection
	GlobalSection(ProjectConfigurationPlatforms) = postSolution
		{4B885CB0-366C-42AB-99BF-3A6754F64A95}.Debug|Any CPU.ActiveCfg = Debug|Any CPU
		{4B885CB0-366C-42AB-99BF-3A6754F64A95}.Debug|Any CPU.Build.0 = Debug|Any CPU
		{4B885CB0-366C-42AB-99BF-3A6754F64A95}.Release|Any CPU.ActiveCfg = Release|Any CPU
		{4B885CB0-366C-42AB-99BF-3A6754F64A95}.Release|Any CPU.Build.0 = Release|Any CPU
	EndGlobalSection
	GlobalSection(SolutionProperties) = preSolution
		HideSolutionNode = FALSE
	EndGlobalSection
	GlobalSection(ExtensibilityGlobals) = postSolution
		SolutionGuid = {A416CF2F-CF90-4775-95B8-13F58ACC4ECE}
	EndGlobalSection
EndGlobal
