
Microsoft Visual Studio Solution File, Format Version 12.00
# Visual Studio Version 17
VisualStudioVersion = 17.14.36915.13 d17.14
MinimumVisualStudioVersion = 10.0.40219.1
Project("{FAE04EC0-301F-11D3-BF4B-00C04F79EFBC}") = "Day7_0_List表的创建与使用", "Day7_0_List表的创建与使用\Day7_0_List表的创建与使用.csproj", "{CB3DBCC2-3E1E-445C-8AC2-C1359125E38E}"
EndProject
Project("{FAE04EC0-301F-11D3-BF4B-00C04F79EFBC}") = "Day7_1_列表的遍历", "Day7_1_列表的遍历\Day7_1_列表的遍历.csproj", "{35A49387-450E-40EF-818D-52A156863A34}"
EndProject
Project("{FAE04EC0-301F-11D3-BF4B-00C04F79EFBC}") = "Day7_2_操作列表的属性和方法", "Day7_2_操作列表的属性和方法\Day7_2_操作列表的属性和方法.csproj", "{FB2BDEB0-FEF7-41BA-BDE9-8E8EC29294C0}"
EndProject
Project("{FAE04EC0-301F-11D3-BF4B-00C04F79EFBC}") = "Day7_3_泛型类", "Day7_3_泛型类\Day7_3_泛型类.csproj", "{C595DDB6-3A63-44E6-BD1F-25D108C3BD2B}"
EndProject
Project("{FAE04EC0-301F-11D3-BF4B-00C04F79EFBC}") = "Day7_4_string类的使用", "Day7_4_string类的使用\Day7_4_string类的使用.csproj", "{C53CD967-B9DD-4D26-89DA-316F01B2F6DB}"
EndProject
Project("{FAE04EC0-301F-11D3-BF4B-00C04F79EFBC}") = "Day7_5_StringBuilder类", "Day7_5_StringBuilder类\Day7_5_StringBuilder类.csproj", "{86840309-11D6-4624-A254-2CAC1017F191}"
EndProject
Global
	GlobalSection(SolutionConfigurationPlatforms) = preSolution
		Debug|Any CPU = Debug|Any CPU
		Release|Any CPU = Release|Any CPU
	EndGlobalSection
	GlobalSection(ProjectConfigurationPlatforms) = postSolution
		{CB3DBCC2-3E1E-445C-8AC2-C1359125E38E}.Debug|Any CPU.ActiveCfg = Debug|Any CPU
		{CB3DBCC2-3E1E-445C-8AC2-C1359125E38E}.Debug|Any CPU.Build.0 = Debug|Any CPU
		{CB3DBCC2-3E1E-445C-8AC2-C1359125E38E}.Release|Any CPU.ActiveCfg = Release|Any CPU
		{CB3DBCC2-3E1E-445C-8AC2-C1359125E38E}.Release|Any CPU.Build.0 = Release|Any CPU
		{35A49387-450E-40EF-818D-52A156863A34}.Debug|Any CPU.ActiveCfg = Debug|Any CPU
		{35A49387-450E-40EF-818D-52A156863A34}.Debug|Any CPU.Build.0 = Debug|Any CPU
		{35A49387-450E-40EF-818D-52A156863A34}.Release|Any CPU.ActiveCfg = Release|Any CPU
		{35A49387-450E-40EF-818D-52A156863A34}.Release|Any CPU.Build.0 = Release|Any CPU
		{FB2BDEB0-FEF7-41BA-BDE9-8E8EC29294C0}.Debug|Any CPU.ActiveCfg = Debug|Any CPU
		{FB2BDEB0-FEF7-41BA-BDE9-8E8EC29294C0}.Debug|Any CPU.Build.0 = Debug|Any CPU
		{FB2BDEB0-FEF7-41BA-BDE9-8E8EC29294C0}.Release|Any CPU.ActiveCfg = Release|Any CPU
		{FB2BDEB0-FEF7-41BA-BDE9-8E8EC29294C0}.Release|Any CPU.Build.0 = Release|Any CPU
		{C595DDB6-3A63-44E6-BD1F-25D108C3BD2B}.Debug|Any CPU.ActiveCfg = Debug|Any CPU
		{C595DDB6-3A63-44E6-BD1F-25D108C3BD2B}.Debug|Any CPU.Build.0 = Debug|Any CPU
		{C595DDB6-3A63-44E6-BD1F-25D108C3BD2B}.Release|Any CPU.ActiveCfg = Release|Any CPU
		{C595DDB6-3A63-44E6-BD1F-25D108C3BD2B}.Release|Any CPU.Build.0 = Release|Any CPU
		{C53CD967-B9DD-4D26-89DA-316F01B2F6DB}.Debug|Any CPU.ActiveCfg = Debug|Any CPU
		{C53CD967-B9DD-4D26-89DA-316F01B2F6DB}.Debug|Any CPU.Build.0 = Debug|Any CPU
		{C53CD967-B9DD-4D26-89DA-316F01B2F6DB}.Release|Any CPU.ActiveCfg = Release|Any CPU
		{C53CD967-B9DD-4D26-89DA-316F01B2F6DB}.Release|Any CPU.Build.0 = Release|Any CPU
		{86840309-11D6-4624-A254-2CAC1017F191}.Debug|Any CPU.ActiveCfg = Debug|Any CPU
		{86840309-11D6-4624-A254-2CAC1017F191}.Debug|Any CPU.Build.0 = Debug|Any CPU
		{86840309-11D6-4624-A254-2CAC1017F191}.Release|Any CPU.ActiveCfg = Release|Any CPU
		{86840309-11D6-4624-A254-2CAC1017F191}.Release|Any CPU.Build.0 = Release|Any CPU
	EndGlobalSection
	GlobalSection(SolutionProperties) = preSolution
		HideSolutionNode = FALSE
	EndGlobalSection
	GlobalSection(ExtensibilityGlobals) = postSolution
		SolutionGuid = {A06C04C3-E921-4656-8C08-FB491952B729}
	EndGlobalSection
EndGlobal
